
Microsoft Visual Studio Solution File, Format Version 12.00
# Visual Studio Version 17
VisualStudioVersion = 17.14.36221.1
MinimumVisualStudioVersion = 10.0.40219.1
Project("{FAE04EC0-301F-11D3-BF4B-00C04F79EFBC}") = "appAula02", "appAula02\appAula02.csproj", "{2120E644-A7C5-4627-935B-D05901BD4E9B}"
EndProject
Project("{FAE04EC0-301F-11D3-BF4B-00C04F79EFBC}") = "TestExemplos", "TestExemplos\TestExemplos.csproj", "{E300D121-D045-4DCB-BA9E-9C95EA904094}"
EndProject
Global
	GlobalSection(SolutionConfigurationPlatforms) = preSolution
		Debug|Any CPU = Debug|Any CPU
		Release|Any CPU = Release|Any CPU
	EndGlobalSection
	GlobalSection(ProjectConfigurationPlatforms) = postSolution
		{2120E644-A7C5-4627-935B-D05901BD4E9B}.Debug|Any CPU.ActiveCfg = Debug|Any CPU
		{2120E644-A7C5-4627-935B-D05901BD4E9B}.Debug|Any CPU.Build.0 = Debug|Any CPU
		{2120E644-A7C5-4627-935B-D05901BD4E9B}.Release|Any CPU.ActiveCfg = Release|Any CPU
		{2120E644-A7C5-4627-935B-D05901BD4E9B}.Release|Any CPU.Build.0 = Release|Any CPU
		{E300D121-D045-4DCB-BA9E-9C95EA904094}.Debug|Any CPU.ActiveCfg = Debug|Any CPU
		{E300D121-D045-4DCB-BA9E-9C95EA904094}.Debug|Any CPU.Build.0 = Debug|Any CPU
		{E300D121-D045-4DCB-BA9E-9C95EA904094}.Release|Any CPU.ActiveCfg = Release|Any CPU
		{E300D121-D045-4DCB-BA9E-9C95EA904094}.Release|Any CPU.Build.0 = Release|Any CPU
	EndGlobalSection
	GlobalSection(SolutionProperties) = preSolution
		HideSolutionNode = FALSE
	EndGlobalSection
	GlobalSection(ExtensibilityGlobals) = postSolution
		SolutionGuid = {13C22398-92EE-475C-82A9-5624D4B03A38}
	EndGlobalSection
EndGlobal
